
Microsoft Visual Studio Solution File, Format Version 12.00
Project("{FAE04EC0-301F-11D3-BF4B-00C04F79EFBC}") = "ToDoBackend.DAL", "ToDoBackend.DAL\ToDoBackend.DAL.csproj", "{D0F8AA11-ED18-4161-9173-9A231A08B384}"
EndProject
Project("{FAE04EC0-301F-11D3-BF4B-00C04F79EFBC}") = "ToDoBackend.BLL", "ToDoBackend.BLL\ToDoBackend.BLL.csproj", "{FED8AF52-3ACB-46A7-887C-FA0401628ECA}"
EndProject
Project("{FAE04EC0-301F-11D3-BF4B-00C04F79EFBC}") = "ToDoBackend.Server", "ToDoBackend.Server\ToDoBackend.Server.csproj", "{262B49B5-8D0F-4DEE-B39D-CF7544EB4FFC}"
EndProject
Global
	GlobalSection(SolutionConfigurationPlatforms) = preSolution
		Debug|Any CPU = Debug|Any CPU
		Release|Any CPU = Release|Any CPU
	EndGlobalSection
	GlobalSection(ProjectConfigurationPlatforms) = postSolution
		{D0F8AA11-ED18-4161-9173-9A231A08B384}.Debug|Any CPU.ActiveCfg = Debug|Any CPU
		{D0F8AA11-ED18-4161-9173-9A231A08B384}.Debug|Any CPU.Build.0 = Debug|Any CPU
		{D0F8AA11-ED18-4161-9173-9A231A08B384}.Release|Any CPU.ActiveCfg = Release|Any CPU
		{D0F8AA11-ED18-4161-9173-9A231A08B384}.Release|Any CPU.Build.0 = Release|Any CPU
		{FED8AF52-3ACB-46A7-887C-FA0401628ECA}.Debug|Any CPU.ActiveCfg = Debug|Any CPU
		{FED8AF52-3ACB-46A7-887C-FA0401628ECA}.Debug|Any CPU.Build.0 = Debug|Any CPU
		{FED8AF52-3ACB-46A7-887C-FA0401628ECA}.Release|Any CPU.ActiveCfg = Release|Any CPU
		{FED8AF52-3ACB-46A7-887C-FA0401628ECA}.Release|Any CPU.Build.0 = Release|Any CPU
		{D88CAAE7-C9B8-484B-8816-02E31620CAFB}.Debug|Any CPU.ActiveCfg = Debug|Any CPU
		{D88CAAE7-C9B8-484B-8816-02E31620CAFB}.Debug|Any CPU.Build.0 = Debug|Any CPU
		{D88CAAE7-C9B8-484B-8816-02E31620CAFB}.Release|Any CPU.ActiveCfg = Release|Any CPU
		{D88CAAE7-C9B8-484B-8816-02E31620CAFB}.Release|Any CPU.Build.0 = Release|Any CPU
		{262B49B5-8D0F-4DEE-B39D-CF7544EB4FFC}.Debug|Any CPU.ActiveCfg = Debug|Any CPU
		{262B49B5-8D0F-4DEE-B39D-CF7544EB4FFC}.Debug|Any CPU.Build.0 = Debug|Any CPU
		{262B49B5-8D0F-4DEE-B39D-CF7544EB4FFC}.Release|Any CPU.ActiveCfg = Release|Any CPU
		{262B49B5-8D0F-4DEE-B39D-CF7544EB4FFC}.Release|Any CPU.Build.0 = Release|Any CPU
	EndGlobalSection
EndGlobal
